
Microsoft Visual Studio Solution File, Format Version 12.00
# Visual Studio 15
VisualStudioVersion = 15.0.27703.2026
MinimumVisualStudioVersion = 10.0.40219.1
Project("{888888A0-9F3D-457C-B088-3A5042F75D52}") = "PlateBridge", "PlateBridge\PlateBridge.pyproj", "{4CD33A46-FBA0-42C2-A8AF-DAEB74E427DE}"
EndProject
Global
	GlobalSection(SolutionConfigurationPlatforms) = preSolution
		Debug|Any CPU = Debug|Any CPU
		Release|Any CPU = Release|Any CPU
	EndGlobalSection
	GlobalSection(ProjectConfigurationPlatforms) = postSolution
		{4CD33A46-FBA0-42C2-A8AF-DAEB74E427DE}.Debug|Any CPU.ActiveCfg = Debug|Any CPU
		{4CD33A46-FBA0-42C2-A8AF-DAEB74E427DE}.Release|Any CPU.ActiveCfg = Release|Any CPU
	EndGlobalSection
	GlobalSection(SolutionProperties) = preSolution
		HideSolutionNode = FALSE
	EndGlobalSection
	GlobalSection(ExtensibilityGlobals) = postSolution
		SolutionGuid = {2E3E5267-7955-44BF-9AA5-586954F3B31D}
	EndGlobalSection
EndGlobal
